// !$*UTF8*$!
{
	archiveVersion = 1;
	classes = {
	};
	objectVersion = 46;
	objects = {

/* Begin PBXBuildFile section */
		6C15D05D1A3876A20020EE44 /* AppDelegate.swift in Sources */ = {isa = PBXBuildFile; fileRef = 6C15D05C1A3876A20020EE44 /* AppDelegate.swift */; };
		6C15D0601A3876A20020EE44 /* WeAppToMoveSwift.xcdatamodeld in Sources */ = {isa = PBXBuildFile; fileRef = 6C15D05E1A3876A20020EE44 /* WeAppToMoveSwift.xcdatamodeld */; };
		6C15D0621A3876A20020EE44 /* ViewController.swift in Sources */ = {isa = PBXBuildFile; fileRef = 6C15D0611A3876A20020EE44 /* ViewController.swift */; };
		6C15D0651A3876A20020EE44 /* Main.storyboard in Resources */ = {isa = PBXBuildFile; fileRef = 6C15D0631A3876A20020EE44 /* Main.storyboard */; };
		6C15D0671A3876A20020EE44 /* Images.xcassets in Resources */ = {isa = PBXBuildFile; fileRef = 6C15D0661A3876A20020EE44 /* Images.xcassets */; };
		6C15D06A1A3876A20020EE44 /* LaunchScreen.xib in Resources */ = {isa = PBXBuildFile; fileRef = 6C15D0681A3876A20020EE44 /* LaunchScreen.xib */; };
		6C15D0761A3876A20020EE44 /* WeAppToMoveSwiftTests.swift in Sources */ = {isa = PBXBuildFile; fileRef = 6C15D0751A3876A20020EE44 /* WeAppToMoveSwiftTests.swift */; };
/* End PBXBuildFile section */

/* Begin PBXContainerItemProxy section */
		6C15D0701A3876A20020EE44 /* PBXContainerItemProxy */ = {
			isa = PBXContainerItemProxy;
			containerPortal = 6C15D04F1A3876A20020EE44 /* Project object */;
			proxyType = 1;
			remoteGlobalIDString = 6C15D0561A3876A20020EE44;
			remoteInfo = WeAppToMoveSwift;
		};
/* End PBXContainerItemProxy section */

/* Begin PBXFileReference section */
		6C15D0571A3876A20020EE44 /* WeAppToMoveSwift.app */ = {isa = PBXFileReference; explicitFileType = wrapper.application; includeInIndex = 0; path = WeAppToMoveSwift.app; sourceTree = BUILT_PRODUCTS_DIR; };
		6C15D05B1A3876A20020EE44 /* Info.plist */ = {isa = PBXFileReference; lastKnownFileType = text.plist.xml; path = Info.plist; sourceTree = "<group>"; };
		6C15D05C1A3876A20020EE44 /* AppDelegate.swift */ = {isa = PBXFileReference; lastKnownFileType = sourcecode.swift; path = AppDelegate.swift; sourceTree = "<group>"; };
		6C15D05F1A3876A20020EE44 /* WeAppToMoveSwift.xcdatamodel */ = {isa = PBXFileReference; lastKnownFileType = wrapper.xcdatamodel; path = WeAppToMoveSwift.xcdatamodel; sourceTree = "<group>"; };
		6C15D0611A3876A20020EE44 /* ViewController.swift */ = {isa = PBXFileReference; lastKnownFileType = sourcecode.swift; path = ViewController.swift; sourceTree = "<group>"; };
		6C15D0641A3876A20020EE44 /* Base */ = {isa = PBXFileReference; lastKnownFileType = file.storyboard; name = Base; path = Base.lproj/Main.storyboard; sourceTree = "<group>"; };
		6C15D0661A3876A20020EE44 /* Images.xcassets */ = {isa = PBXFileReference; lastKnownFileType = folder.assetcatalog; path = Images.xcassets; sourceTree = "<group>"; };
		6C15D0691A3876A20020EE44 /* Base */ = {isa = PBXFileReference; lastKnownFileType = file.xib; name = Base; path = Base.lproj/LaunchScreen.xib; sourceTree = "<group>"; };
		6C15D06F1A3876A20020EE44 /* WeAppToMoveSwiftTests.xctest */ = {isa = PBXFileReference; explicitFileType = wrapper.cfbundle; includeInIndex = 0; path = WeAppToMoveSwiftTests.xctest; sourceTree = BUILT_PRODUCTS_DIR; };
		6C15D0741A3876A20020EE44 /* Info.plist */ = {isa = PBXFileReference; lastKnownFileType = text.plist.xml; path = Info.plist; sourceTree = "<group>"; };
		6C15D0751A3876A20020EE44 /* WeAppToMoveSwiftTests.swift */ = {isa = PBXFileReference; lastKnownFileType = sourcecode.swift; path = WeAppToMoveSwiftTests.swift; sourceTree = "<group>"; };
/* End PBXFileReference section */

/* Begin PBXFrameworksBuildPhase section */
		6C15D0541A3876A20020EE44 /* Frameworks */ = {
			isa = PBXFrameworksBuildPhase;
			buildActionMask = 2147483647;
			files = (
			);
			runOnlyForDeploymentPostprocessing = 0;
		};
		6C15D06C1A3876A20020EE44 /* Frameworks */ = {
			isa = PBXFrameworksBuildPhase;
			buildActionMask = 2147483647;
			files = (
			);
			runOnlyForDeploymentPostprocessing = 0;
		};
/* End PBXFrameworksBuildPhase section */

/* Begin PBXGroup section */
		6C15D04E1A3876A20020EE44 = {
			isa = PBXGroup;
			children = (
				6C15D0591A3876A20020EE44 /* WeAppToMoveSwift */,
				6C15D0721A3876A20020EE44 /* WeAppToMoveSwiftTests */,
				6C15D0581A3876A20020EE44 /* Products */,
			);
			sourceTree = "<group>";
		};
		6C15D0581A3876A20020EE44 /* Products */ = {
			isa = PBXGroup;
			children = (
				6C15D0571A3876A20020EE44 /* WeAppToMoveSwift.app */,
				6C15D06F1A3876A20020EE44 /* WeAppToMoveSwiftTests.xctest */,
			);
			name = Products;
			sourceTree = "<group>";
		};
		6C15D0591A3876A20020EE44 /* WeAppToMoveSwift */ = {
			isa = PBXGroup;
			children = (
				6C15D05C1A3876A20020EE44 /* AppDelegate.swift */,
				6C15D0611A3876A20020EE44 /* ViewController.swift */,
				6C15D0631A3876A20020EE44 /* Main.storyboard */,
				6C15D0661A3876A20020EE44 /* Images.xcassets */,
				6C15D0681A3876A20020EE44 /* LaunchScreen.xib */,
				6C15D05E1A3876A20020EE44 /* WeAppToMoveSwift.xcdatamodeld */,
				6C15D05A1A3876A20020EE44 /* Supporting Files */,
			);
			path = WeAppToMoveSwift;
			sourceTree = "<group>";
		};
		6C15D05A1A3876A20020EE44 /* Supporting Files */ = {
			isa = PBXGroup;
			children = (
				6C15D05B1A3876A20020EE44 /* Info.plist */,
			);
			name = "Supporting Files";
			sourceTree = "<group>";
		};
		6C15D0721A3876A20020EE44 /* WeAppToMoveSwiftTests */ = {
			isa = PBXGroup;
			children = (
				6C15D0751A3876A20020EE44 /* WeAppToMoveSwiftTests.swift */,
				6C15D0731A3876A20020EE44 /* Supporting Files */,
			);
			path = WeAppToMoveSwiftTests;
			sourceTree = "<group>";
		};
		6C15D0731A3876A20020EE44 /* Supporting Files */ = {
			isa = PBXGroup;
			children = (
				6C15D0741A3876A20020EE44 /* Info.plist */,
			);
			name = "Supporting Files";
			sourceTree = "<group>";
		};
/* End PBXGroup section */

/* Begin PBXNativeTarget section */
		6C15D0561A3876A20020EE44 /* WeAppToMoveSwift */ = {
			isa = PBXNativeTarget;
			buildConfigurationList = 6C15D0791A3876A20020EE44 /* Build configuration list for PBXNativeTarget "WeAppToMoveSwift" */;
			buildPhases = (
				6C15D0531A3876A20020EE44 /* Sources */,
				6C15D0541A3876A20020EE44 /* Frameworks */,
				6C15D0551A3876A20020EE44 /* Resources */,
			);
			buildRules = (
			);
			dependencies = (
			);
			name = WeAppToMoveSwift;
			productName = WeAppToMoveSwift;
			productReference = 6C15D0571A3876A20020EE44 /* WeAppToMoveSwift.app */;
			productType = "com.apple.product-type.application";
		};
		6C15D06E1A3876A20020EE44 /* WeAppToMoveSwiftTests */ = {
			isa = PBXNativeTarget;
			buildConfigurationList = 6C15D07C1A3876A20020EE44 /* Build configuration list for PBXNativeTarget "WeAppToMoveSwiftTests" */;
			buildPhases = (
				6C15D06B1A3876A20020EE44 /* Sources */,
				6C15D06C1A3876A20020EE44 /* Frameworks */,
				6C15D06D1A3876A20020EE44 /* Resources */,
			);
			buildRules = (
			);
			dependencies = (
				6C15D0711A3876A20020EE44 /* PBXTargetDependency */,
			);
			name = WeAppToMoveSwiftTests;
			productName = WeAppToMoveSwiftTests;
			productReference = 6C15D06F1A3876A20020EE44 /* WeAppToMoveSwiftTests.xctest */;
			productType = "com.apple.product-type.bundle.unit-test";
		};
/* End PBXNativeTarget section */

/* Begin PBXProject section */
		6C15D04F1A3876A20020EE44 /* Project object */ = {
			isa = PBXProject;
			attributes = {
				LastUpgradeCheck = 0610;
				ORGANIZATIONNAME = "Maarten Bressinck";
				TargetAttributes = {
					6C15D0561A3876A20020EE44 = {
						CreatedOnToolsVersion = 6.1;
					};
					6C15D06E1A3876A20020EE44 = {
						CreatedOnToolsVersion = 6.1;
						TestTargetID = 6C15D0561A3876A20020EE44;
					};
				};
			};
			buildConfigurationList = 6C15D0521A3876A20020EE44 /* Build configuration list for PBXProject "WeAppToMoveSwift" */;
			compatibilityVersion = "Xcode 3.2";
			developmentRegion = English;
			hasScannedForEncodings = 0;
			knownRegions = (
				en,
				Base,
			);
			mainGroup = 6C15D04E1A3876A20020EE44;
			productRefGroup = 6C15D0581A3876A20020EE44 /* Products */;
			projectDirPath = "";
			projectRoot = "";
			targets = (
				6C15D0561A3876A20020EE44 /* WeAppToMoveSwift */,
				6C15D06E1A3876A20020EE44 /* WeAppToMoveSwiftTests */,
			);
		};
/* End PBXProject section */

/* Begin PBXResourcesBuildPhase section */
		6C15D0551A3876A20020EE44 /* Resources */ = {
			isa = PBXResourcesBuildPhase;
			buildActionMask = 2147483647;
			files = (
				6C15D0651A3876A20020EE44 /* Main.storyboard in Resources */,
				6C15D06A1A3876A20020EE44 /* LaunchScreen.xib in Resources */,
				6C15D0671A3876A20020EE44 /* Images.xcassets in Resources */,
			);
			runOnlyForDeploymentPostprocessing = 0;
		};
		6C15D06D1A3876A20020EE44 /* Resources */ = {
			isa = PBXResourcesBuildPhase;
			buildActionMask = 2147483647;
			files = (
			);
			runOnlyForDeploymentPostprocessing = 0;
		};
/* End PBXResourcesBuildPhase section */

/* Begin PBXSourcesBuildPhase section */
		6C15D0531A3876A20020EE44 /* Sources */ = {
			isa = PBXSourcesBuildPhase;
			buildActionMask = 2147483647;
			files = (
				6C15D0621A3876A20020EE44 /* ViewController.swift in Sources */,
				6C15D05D1A3876A20020EE44 /* AppDelegate.swift in Sources */,
				6C15D0601A3876A20020EE44 /* WeAppToMoveSwift.xcdatamodeld in Sources */,
			);
			runOnlyForDeploymentPostprocessing = 0;
		};
		6C15D06B1A3876A20020EE44 /* Sources */ = {
			isa = PBXSourcesBuildPhase;
			buildActionMask = 2147483647;
			files = (
				6C15D0761A3876A20020EE44 /* WeAppToMoveSwiftTests.swift in Sources */,
			);
			runOnlyForDeploymentPostprocessing = 0;
		};
/* End PBXSourcesBuildPhase section */

/* Begin PBXTargetDependency section */
		6C15D0711A3876A20020EE44 /* PBXTargetDependency */ = {
			isa = PBXTargetDependency;
			target = 6C15D0561A3876A20020EE44 /* WeAppToMoveSwift */;
			targetProxy = 6C15D0701A3876A20020EE44 /* PBXContainerItemProxy */;
		};
/* End PBXTargetDependency section */

/* Begin PBXVariantGroup section */
		6C15D0631A3876A20020EE44 /* Main.storyboard */ = {
			isa = PBXVariantGroup;
			children = (
				6C15D0641A3876A20020EE44 /* Base */,
			);
			name = Main.storyboard;
			sourceTree = "<group>";
		};
		6C15D0681A3876A20020EE44 /* LaunchScreen.xib */ = {
			isa = PBXVariantGroup;
			children = (
				6C15D0691A3876A20020EE44 /* Base */,
			);
			name = LaunchScreen.xib;
			sourceTree = "<group>";
		};
/* End PBXVariantGroup section */

/* Begin XCBuildConfiguration section */
		6C15D0771A3876A20020EE44 /* Debug */ = {
			isa = XCBuildConfiguration;
			buildSettings = {
				ALWAYS_SEARCH_USER_PATHS = NO;
				CLANG_CXX_LANGUAGE_STANDARD = "gnu++0x";
				CLANG_CXX_LIBRARY = "libc++";
				CLANG_ENABLE_MODULES = YES;
				CLANG_ENABLE_OBJC_ARC = YES;
				CLANG_WARN_BOOL_CONVERSION = YES;
				CLANG_WARN_CONSTANT_CONVERSION = YES;
				CLANG_WARN_DIRECT_OBJC_ISA_USAGE = YES_ERROR;
				CLANG_WARN_EMPTY_BODY = YES;
				CLANG_WARN_ENUM_CONVERSION = YES;
				CLANG_WARN_INT_CONVERSION = YES;
				CLANG_WARN_OBJC_ROOT_CLASS = YES_ERROR;
				CLANG_WARN_UNREACHABLE_CODE = YES;
				CLANG_WARN__DUPLICATE_METHOD_MATCH = YES;
				"CODE_SIGN_IDENTITY[sdk=iphoneos*]" = "iPhone Developer";
				COPY_PHASE_STRIP = NO;
				ENABLE_STRICT_OBJC_MSGSEND = YES;
				GCC_C_LANGUAGE_STANDARD = gnu99;
				GCC_DYNAMIC_NO_PIC = NO;
				GCC_OPTIMIZATION_LEVEL = 0;
				GCC_PREPROCESSOR_DEFINITIONS = (
					"DEBUG=1",
					"$(inherited)",
				);
				GCC_SYMBOLS_PRIVATE_EXTERN = NO;
				GCC_WARN_64_TO_32_BIT_CONVERSION = YES;
				GCC_WARN_ABOUT_RETURN_TYPE = YES_ERROR;
				GCC_WARN_UNDECLARED_SELECTOR = YES;
				GCC_WARN_UNINITIALIZED_AUTOS = YES_AGGRESSIVE;
				GCC_WARN_UNUSED_FUNCTION = YES;
				GCC_WARN_UNUSED_VARIABLE = YES;
				IPHONEOS_DEPLOYMENT_TARGET = 8.1;
				MTL_ENABLE_DEBUG_INFO = YES;
				ONLY_ACTIVE_ARCH = YES;
				SDKROOT = iphoneos;
				SWIFT_OPTIMIZATION_LEVEL = "-Onone";
				TARGETED_DEVICE_FAMILY = "1,2";
			};
			name = Debug;
		};
		6C15D0781A3876A20020EE44 /* Release */ = {
			isa = XCBuildConfiguration;
			buildSettings = {
				ALWAYS_SEARCH_USER_PATHS = NO;
				CLANG_CXX_LANGUAGE_STANDARD = "gnu++0x";
				CLANG_CXX_LIBRARY = "libc++";
				CLANG_ENABLE_MODULES = YES;
				CLANG_ENABLE_OBJC_ARC = YES;
				CLANG_WARN_BOOL_CONVERSION = YES;
				CLANG_WARN_CONSTANT_CONVERSION = YES;
				CLANG_WARN_DIRECT_OBJC_ISA_USAGE = YES_ERROR;
				CLANG_WARN_EMPTY_BODY = YES;
				CLANG_WARN_ENUM_CONVERSION = YES;
				CLANG_WARN_INT_CONVERSION = YES;
				CLANG_WARN_OBJC_ROOT_CLASS = YES_ERROR;
				CLANG_WARN_UNREACHABLE_CODE = YES;
				CLANG_WARN__DUPLICATE_METHOD_MATCH = YES;
				"CODE_SIGN_IDENTITY[sdk=iphoneos*]" = "iPhone Developer";
				COPY_PHASE_STRIP = YES;
				ENABLE_NS_ASSERTIONS = NO;
				ENABLE_STRICT_OBJC_MSGSEND = YES;
				GCC_C_LANGUAGE_STANDARD = gnu99;
				GCC_WARN_64_TO_32_BIT_CONVERSION = YES;
				GCC_WARN_ABOUT_RETURN_TYPE = YES_ERROR;
				GCC_WARN_UNDECLARED_SELECTOR = YES;
				GCC_WARN_UNINITIALIZED_AUTOS = YES_AGGRESSIVE;
				GCC_WARN_UNUSED_FUNCTION = YES;
				GCC_WARN_UNUSED_VARIABLE = YES;
				IPHONEOS_DEPLOYMENT_TARGET = 8.1;
				MTL_ENABLE_DEBUG_INFO = NO;
				SDKROOT = iphoneos;
				TARGETED_DEVICE_FAMILY = "1,2";
				VALIDATE_PRODUCT = YES;
			};
			name = Release;
		};
		6C15D07A1A3876A20020EE44 /* Debug */ = {
			isa = XCBuildConfiguration;
			buildSettings = {
				ASSETCATALOG_COMPILER_APPICON_NAME = AppIcon;
				INFOPLIST_FILE = WeAppToMoveSwift/Info.plist;
				LD_RUNPATH_SEARCH_PATHS = "$(inherited) @executable_path/Frameworks";
				PRODUCT_NAME = "$(TARGET_NAME)";
			};
			name = Debug;
		};
		6C15D07B1A3876A20020EE44 /* Release */ = {
			isa = XCBuildConfiguration;
			buildSettings = {
				ASSETCATALOG_COMPILER_APPICON_NAME = AppIcon;
				INFOPLIST_FILE = WeAppToMoveSwift/Info.plist;
				LD_RUNPATH_SEARCH_PATHS = "$(inherited) @executable_path/Frameworks";
				PRODUCT_NAME = "$(TARGET_NAME)";
			};
			name = Release;
		};
		6C15D07D1A3876A20020EE44 /* Debug */ = {
			isa = XCBuildConfiguration;
			buildSettings = {
				BUNDLE_LOADER = "$(TEST_HOST)";
				FRAMEWORK_SEARCH_PATHS = (
					"$(SDKROOT)/Developer/Library/Frameworks",
					"$(inherited)",
				);
				GCC_PREPROCESSOR_DEFINITIONS = (
					"DEBUG=1",
					"$(inherited)",
				);
				INFOPLIST_FILE = WeAppToMoveSwiftTests/Info.plist;
				LD_RUNPATH_SEARCH_PATHS = "$(inherited) @executable_path/Frameworks @loader_path/Frameworks";
				PRODUCT_NAME = "$(TARGET_NAME)";
				TEST_HOST = "$(BUILT_PRODUCTS_DIR)/WeAppToMoveSwift.app/WeAppToMoveSwift";
			};
			name = Debug;
		};
		6C15D07E1A3876A20020EE44 /* Release */ = {
			isa = XCBuildConfiguration;
			buildSettings = {
				BUNDLE_LOADER = "$(TEST_HOST)";
				FRAMEWORK_SEARCH_PATHS = (
					"$(SDKROOT)/Developer/Library/Frameworks",
					"$(inherited)",
				);
				INFOPLIST_FILE = WeAppToMoveSwiftTests/Info.plist;
				LD_RUNPATH_SEARCH_PATHS = "$(inherited) @executable_path/Frameworks @loader_path/Frameworks";
				PRODUCT_NAME = "$(TARGET_NAME)";
				TEST_HOST = "$(BUILT_PRODUCTS_DIR)/WeAppToMoveSwift.app/WeAppToMoveSwift";
			};
			name = Release;
		};
/* End XCBuildConfiguration section */

/* Begin XCConfigurationList section */
		6C15D0521A3876A20020EE44 /* Build configuration list for PBXProject "WeAppToMoveSwift" */ = {
			isa = XCConfigurationList;
			buildConfigurations = (
				6C15D0771A3876A20020EE44 /* Debug */,
				6C15D0781A3876A20020EE44 /* Release */,
			);
			defaultConfigurationIsVisible = 0;
			defaultConfigurationName = Release;
		};
		6C15D0791A3876A20020EE44 /* Build configuration list for PBXNativeTarget "WeAppToMoveSwift" */ = {
			isa = XCConfigurationList;
			buildConfigurations = (
				6C15D07A1A3876A20020EE44 /* Debug */,
				6C15D07B1A3876A20020EE44 /* Release */,
			);
			defaultConfigurationIsVisible = 0;
		};
		6C15D07C1A3876A20020EE44 /* Build configuration list for PBXNativeTarget "WeAppToMoveSwiftTests" */ = {
			isa = XCConfigurationList;
			buildConfigurations = (
				6C15D07D1A3876A20020EE44 /* Debug */,
				6C15D07E1A3876A20020EE44 /* Release */,
			);
			defaultConfigurationIsVisible = 0;
		};
/* End XCConfigurationList section */

/* Begin XCVersionGroup section */
		6C15D05E1A3876A20020EE44 /* WeAppToMoveSwift.xcdatamodeld */ = {
			isa = XCVersionGroup;
			children = (
				6C15D05F1A3876A20020EE44 /* WeAppToMoveSwift.xcdatamodel */,
			);
			currentVersion = 6C15D05F1A3876A20020EE44 /* WeAppToMoveSwift.xcdatamodel */;
			path = WeAppToMoveSwift.xcdatamodeld;
			sourceTree = "<group>";
			versionGroupType = wrapper.xcdatamodel;
		};
/* End XCVersionGroup section */
	};
	rootObject = 6C15D04F1A3876A20020EE44 /* Project object */;
}
